
Microsoft Visual Studio Solution File, Format Version 12.00
# Visual Studio 14
VisualStudioVersion = 14.0.23107.0
MinimumVisualStudioVersion = 10.0.40219.1
Project("{FAE04EC0-301F-11D3-BF4B-00C04F79EFBC}") = "App3", "App3\App3.csproj", "{25424EC3-535E-4570-80CB-FBEF631F030B}"
EndProject
Global
	GlobalSection(SolutionConfigurationPlatforms) = preSolution
		Ad-Hoc|iPhone = Ad-Hoc|iPhone
		Ad-Hoc|iPhoneSimulator = Ad-Hoc|iPhoneSimulator
		AppStore|iPhone = AppStore|iPhone
		AppStore|iPhoneSimulator = AppStore|iPhoneSimulator
		Debug|iPhone = Debug|iPhone
		Debug|iPhoneSimulator = Debug|iPhoneSimulator
		Release|iPhone = Release|iPhone
		Release|iPhoneSimulator = Release|iPhoneSimulator
	EndGlobalSection
	GlobalSection(ProjectConfigurationPlatforms) = postSolution
		{25424EC3-535E-4570-80CB-FBEF631F030B}.Ad-Hoc|iPhone.ActiveCfg = Ad-Hoc|iPhone
		{25424EC3-535E-4570-80CB-FBEF631F030B}.Ad-Hoc|iPhone.Build.0 = Ad-Hoc|iPhone
		{25424EC3-535E-4570-80CB-FBEF631F030B}.Ad-Hoc|iPhoneSimulator.ActiveCfg = Ad-Hoc|iPhoneSimulator
		{25424EC3-535E-4570-80CB-FBEF631F030B}.Ad-Hoc|iPhoneSimulator.Build.0 = Ad-Hoc|iPhoneSimulator
		{25424EC3-535E-4570-80CB-FBEF631F030B}.AppStore|iPhone.ActiveCfg = AppStore|iPhone
		{25424EC3-535E-4570-80CB-FBEF631F030B}.AppStore|iPhone.Build.0 = AppStore|iPhone
		{25424EC3-535E-4570-80CB-FBEF631F030B}.AppStore|iPhoneSimulator.ActiveCfg = AppStore|iPhoneSimulator
		{25424EC3-535E-4570-80CB-FBEF631F030B}.AppStore|iPhoneSimulator.Build.0 = AppStore|iPhoneSimulator
		{25424EC3-535E-4570-80CB-FBEF631F030B}.Debug|iPhone.ActiveCfg = Debug|iPhone
		{25424EC3-535E-4570-80CB-FBEF631F030B}.Debug|iPhone.Build.0 = Debug|iPhone
		{25424EC3-535E-4570-80CB-FBEF631F030B}.Debug|iPhoneSimulator.ActiveCfg = Debug|iPhoneSimulator
		{25424EC3-535E-4570-80CB-FBEF631F030B}.Debug|iPhoneSimulator.Build.0 = Debug|iPhoneSimulator
		{25424EC3-535E-4570-80CB-FBEF631F030B}.Release|iPhone.ActiveCfg = Release|iPhone
		{25424EC3-535E-4570-80CB-FBEF631F030B}.Release|iPhone.Build.0 = Release|iPhone
		{25424EC3-535E-4570-80CB-FBEF631F030B}.Release|iPhoneSimulator.ActiveCfg = Release|iPhoneSimulator
		{25424EC3-535E-4570-80CB-FBEF631F030B}.Release|iPhoneSimulator.Build.0 = Release|iPhoneSimulator
	EndGlobalSection
	GlobalSection(SolutionProperties) = preSolution
		HideSolutionNode = FALSE
	EndGlobalSection
EndGlobal
